// !$*UTF8*$!
{
	archiveVersion = 1;
	classes = {
	};
	objectVersion = 46;
	objects = {

/* Begin PBXBuildFile section */
		5671C5E71E5C02FE0072262D /* HYObject+HYCategory.m in Sources */ = {isa = PBXBuildFile; fileRef = 5671C5E61E5C02FE0072262D /* HYObject+HYCategory.m */; };
		5671C5ED1E5C0D2D0072262D /* Father+HYCategory.m in Sources */ = {isa = PBXBuildFile; fileRef = 5671C5EC1E5C0D2D0072262D /* Father+HYCategory.m */; };
		5671C5F01E5C0FDF0072262D /* HYObject+HYCategoryTwo.m in Sources */ = {isa = PBXBuildFile; fileRef = 5671C5EF1E5C0FDF0072262D /* HYObject+HYCategoryTwo.m */; };
		5671C5F61E5C10A10072262D /* HYObjectTwo.m in Sources */ = {isa = PBXBuildFile; fileRef = 5671C5F51E5C10A10072262D /* HYObjectTwo.m */; };
		5671C5F91E5C13B20072262D /* NSObject+HYCategoryTwo.m in Sources */ = {isa = PBXBuildFile; fileRef = 5671C5F81E5C13B20072262D /* NSObject+HYCategoryTwo.m */; };
		5671C5FC1E5C142C0072262D /* Person+HYCategoryTwo.m in Sources */ = {isa = PBXBuildFile; fileRef = 5671C5FB1E5C142C0072262D /* Person+HYCategoryTwo.m */; };
		5671C5FF1E5C14560072262D /* Father+HYCategoryTwo.m in Sources */ = {isa = PBXBuildFile; fileRef = 5671C5FE1E5C14560072262D /* Father+HYCategoryTwo.m */; };
		5671C6021E5C14850072262D /* HYObjectTwo+HYCategory.m in Sources */ = {isa = PBXBuildFile; fileRef = 5671C6011E5C14850072262D /* HYObjectTwo+HYCategory.m */; };
		5671C6051E5C149C0072262D /* HYObjectTwo+HYCategoryTwo.m in Sources */ = {isa = PBXBuildFile; fileRef = 5671C6041E5C149C0072262D /* HYObjectTwo+HYCategoryTwo.m */; };
		5671C6081E5C14C30072262D /* PersonTwo.m in Sources */ = {isa = PBXBuildFile; fileRef = 5671C6071E5C14C30072262D /* PersonTwo.m */; };
		5671C60B1E5C14D10072262D /* FatherTwo.m in Sources */ = {isa = PBXBuildFile; fileRef = 5671C60A1E5C14D10072262D /* FatherTwo.m */; };
		5671C60E1E5C14F70072262D /* PersonTwo+HYCategory.m in Sources */ = {isa = PBXBuildFile; fileRef = 5671C60D1E5C14F70072262D /* PersonTwo+HYCategory.m */; };
		5671C6111E5C15050072262D /* PersonTwo+HYCategoryTwo.m in Sources */ = {isa = PBXBuildFile; fileRef = 5671C6101E5C15050072262D /* PersonTwo+HYCategoryTwo.m */; };
		5671C6141E5C15230072262D /* FatherTwo+HYCategory.m in Sources */ = {isa = PBXBuildFile; fileRef = 5671C6131E5C15230072262D /* FatherTwo+HYCategory.m */; };
		5671C6171E5C152E0072262D /* FatherTwo+HYCategoryTwo.m in Sources */ = {isa = PBXBuildFile; fileRef = 5671C6161E5C152E0072262D /* FatherTwo+HYCategoryTwo.m */; };
		8EFC9DD71E57F1A90019544F /* main.m in Sources */ = {isa = PBXBuildFile; fileRef = 8EFC9DD61E57F1A90019544F /* main.m */; };
		8EFC9DDA1E57F1A90019544F /* AppDelegate.m in Sources */ = {isa = PBXBuildFile; fileRef = 8EFC9DD91E57F1A90019544F /* AppDelegate.m */; };
		8EFC9DDD1E57F1A90019544F /* ViewController.m in Sources */ = {isa = PBXBuildFile; fileRef = 8EFC9DDC1E57F1A90019544F /* ViewController.m */; };
		8EFC9DE01E57F1A90019544F /* Main.storyboard in Resources */ = {isa = PBXBuildFile; fileRef = 8EFC9DDE1E57F1A90019544F /* Main.storyboard */; };
		8EFC9DE31E57F1A90019544F /* RuntimeVC.xcdatamodeld in Sources */ = {isa = PBXBuildFile; fileRef = 8EFC9DE11E57F1A90019544F /* RuntimeVC.xcdatamodeld */; };
		8EFC9DE51E57F1A90019544F /* Assets.xcassets in Resources */ = {isa = PBXBuildFile; fileRef = 8EFC9DE41E57F1A90019544F /* Assets.xcassets */; };
		8EFC9DE81E57F1A90019544F /* LaunchScreen.storyboard in Resources */ = {isa = PBXBuildFile; fileRef = 8EFC9DE61E57F1A90019544F /* LaunchScreen.storyboard */; };
		8EFC9DF31E57F1AA0019544F /* RuntimeVCTests.m in Sources */ = {isa = PBXBuildFile; fileRef = 8EFC9DF21E57F1AA0019544F /* RuntimeVCTests.m */; };
		8EFC9DFE1E57F1AA0019544F /* RuntimeVCUITests.m in Sources */ = {isa = PBXBuildFile; fileRef = 8EFC9DFD1E57F1AA0019544F /* RuntimeVCUITests.m */; };
		8EFC9E1E1E57F2530019544F /* Cat.m in Sources */ = {isa = PBXBuildFile; fileRef = 8EFC9E0D1E57F2530019544F /* Cat.m */; };
		8EFC9E1F1E57F2530019544F /* Cat.m in Sources */ = {isa = PBXBuildFile; fileRef = 8EFC9E0D1E57F2530019544F /* Cat.m */; };
		8EFC9E201E57F2530019544F /* Cat.m in Sources */ = {isa = PBXBuildFile; fileRef = 8EFC9E0D1E57F2530019544F /* Cat.m */; };
		8EFC9E211E57F2530019544F /* Father.m in Sources */ = {isa = PBXBuildFile; fileRef = 8EFC9E0F1E57F2530019544F /* Father.m */; };
		8EFC9E221E57F2530019544F /* Father.m in Sources */ = {isa = PBXBuildFile; fileRef = 8EFC9E0F1E57F2530019544F /* Father.m */; };
		8EFC9E231E57F2530019544F /* Father.m in Sources */ = {isa = PBXBuildFile; fileRef = 8EFC9E0F1E57F2530019544F /* Father.m */; };
		8EFC9E241E57F2530019544F /* FirstView.m in Sources */ = {isa = PBXBuildFile; fileRef = 8EFC9E111E57F2530019544F /* FirstView.m */; };
		8EFC9E251E57F2530019544F /* FirstView.m in Sources */ = {isa = PBXBuildFile; fileRef = 8EFC9E111E57F2530019544F /* FirstView.m */; };
		8EFC9E261E57F2530019544F /* FirstView.m in Sources */ = {isa = PBXBuildFile; fileRef = 8EFC9E111E57F2530019544F /* FirstView.m */; };
		8EFC9E271E57F2530019544F /* Person+HYCategory.m in Sources */ = {isa = PBXBuildFile; fileRef = 8EFC9E131E57F2530019544F /* Person+HYCategory.m */; };
		8EFC9E281E57F2530019544F /* Person+HYCategory.m in Sources */ = {isa = PBXBuildFile; fileRef = 8EFC9E131E57F2530019544F /* Person+HYCategory.m */; };
		8EFC9E291E57F2530019544F /* Person+HYCategory.m in Sources */ = {isa = PBXBuildFile; fileRef = 8EFC9E131E57F2530019544F /* Person+HYCategory.m */; };
		8EFC9E2A1E57F2530019544F /* Person.m in Sources */ = {isa = PBXBuildFile; fileRef = 8EFC9E151E57F2530019544F /* Person.m */; };
		8EFC9E2B1E57F2530019544F /* Person.m in Sources */ = {isa = PBXBuildFile; fileRef = 8EFC9E151E57F2530019544F /* Person.m */; };
		8EFC9E2C1E57F2530019544F /* Person.m in Sources */ = {isa = PBXBuildFile; fileRef = 8EFC9E151E57F2530019544F /* Person.m */; };
		8EFC9E2D1E57F2530019544F /* RuntimeVC.m in Sources */ = {isa = PBXBuildFile; fileRef = 8EFC9E171E57F2530019544F /* RuntimeVC.m */; };
		8EFC9E2E1E57F2530019544F /* RuntimeVC.m in Sources */ = {isa = PBXBuildFile; fileRef = 8EFC9E171E57F2530019544F /* RuntimeVC.m */; };
		8EFC9E2F1E57F2530019544F /* RuntimeVC.m in Sources */ = {isa = PBXBuildFile; fileRef = 8EFC9E171E57F2530019544F /* RuntimeVC.m */; };
		8EFC9E301E57F2530019544F /* SecondView.m in Sources */ = {isa = PBXBuildFile; fileRef = 8EFC9E191E57F2530019544F /* SecondView.m */; };
		8EFC9E311E57F2530019544F /* SecondView.m in Sources */ = {isa = PBXBuildFile; fileRef = 8EFC9E191E57F2530019544F /* SecondView.m */; };
		8EFC9E321E57F2530019544F /* SecondView.m in Sources */ = {isa = PBXBuildFile; fileRef = 8EFC9E191E57F2530019544F /* SecondView.m */; };
		8EFC9E331E57F2530019544F /* Son.m in Sources */ = {isa = PBXBuildFile; fileRef = 8EFC9E1B1E57F2530019544F /* Son.m */; };
		8EFC9E341E57F2530019544F /* Son.m in Sources */ = {isa = PBXBuildFile; fileRef = 8EFC9E1B1E57F2530019544F /* Son.m */; };
		8EFC9E351E57F2530019544F /* Son.m in Sources */ = {isa = PBXBuildFile; fileRef = 8EFC9E1B1E57F2530019544F /* Son.m */; };
		8EFC9E361E57F2530019544F /* ThirdView.m in Sources */ = {isa = PBXBuildFile; fileRef = 8EFC9E1D1E57F2530019544F /* ThirdView.m */; };
		8EFC9E371E57F2530019544F /* ThirdView.m in Sources */ = {isa = PBXBuildFile; fileRef = 8EFC9E1D1E57F2530019544F /* ThirdView.m */; };
		8EFC9E381E57F2530019544F /* ThirdView.m in Sources */ = {isa = PBXBuildFile; fileRef = 8EFC9E1D1E57F2530019544F /* ThirdView.m */; };
		8EFC9E3C1E57F2D80019544F /* HYObject.m in Sources */ = {isa = PBXBuildFile; fileRef = 8EFC9E3B1E57F2D80019544F /* HYObject.m */; };
		8EFC9E3D1E57F2D80019544F /* HYObject.m in Sources */ = {isa = PBXBuildFile; fileRef = 8EFC9E3B1E57F2D80019544F /* HYObject.m */; };
		8EFC9E3E1E57F2D80019544F /* HYObject.m in Sources */ = {isa = PBXBuildFile; fileRef = 8EFC9E3B1E57F2D80019544F /* HYObject.m */; };
		8EFC9E411E57F2F00019544F /* NSObject+HYCategory.m in Sources */ = {isa = PBXBuildFile; fileRef = 8EFC9E401E57F2F00019544F /* NSObject+HYCategory.m */; };
		8EFC9E421E57F2F00019544F /* NSObject+HYCategory.m in Sources */ = {isa = PBXBuildFile; fileRef = 8EFC9E401E57F2F00019544F /* NSObject+HYCategory.m */; };
		8EFC9E431E57F2F00019544F /* NSObject+HYCategory.m in Sources */ = {isa = PBXBuildFile; fileRef = 8EFC9E401E57F2F00019544F /* NSObject+HYCategory.m */; };
/* End PBXBuildFile section */

/* Begin PBXContainerItemProxy section */
		8EFC9DEF1E57F1AA0019544F /* PBXContainerItemProxy */ = {
			isa = PBXContainerItemProxy;
			containerPortal = 8EFC9DCA1E57F1A90019544F /* Project object */;
			proxyType = 1;
			remoteGlobalIDString = 8EFC9DD11E57F1A90019544F;
			remoteInfo = RuntimeVC;
		};
		8EFC9DFA1E57F1AA0019544F /* PBXContainerItemProxy */ = {
			isa = PBXContainerItemProxy;
			containerPortal = 8EFC9DCA1E57F1A90019544F /* Project object */;
			proxyType = 1;
			remoteGlobalIDString = 8EFC9DD11E57F1A90019544F;
			remoteInfo = RuntimeVC;
		};
/* End PBXContainerItemProxy section */

/* Begin PBXFileReference section */
		5671C5E51E5C02FE0072262D /* HYObject+HYCategory.h */ = {isa = PBXFileReference; fileEncoding = 4; lastKnownFileType = sourcecode.c.h; path = "HYObject+HYCategory.h"; sourceTree = "<group>"; };
		5671C5E61E5C02FE0072262D /* HYObject+HYCategory.m */ = {isa = PBXFileReference; fileEncoding = 4; lastKnownFileType = sourcecode.c.objc; path = "HYObject+HYCategory.m"; sourceTree = "<group>"; };
		5671C5EB1E5C0D2D0072262D /* Father+HYCategory.h */ = {isa = PBXFileReference; fileEncoding = 4; lastKnownFileType = sourcecode.c.h; path = "Father+HYCategory.h"; sourceTree = "<group>"; };
		5671C5EC1E5C0D2D0072262D /* Father+HYCategory.m */ = {isa = PBXFileReference; fileEncoding = 4; lastKnownFileType = sourcecode.c.objc; path = "Father+HYCategory.m"; sourceTree = "<group>"; };
		5671C5EE1E5C0FDF0072262D /* HYObject+HYCategoryTwo.h */ = {isa = PBXFileReference; fileEncoding = 4; lastKnownFileType = sourcecode.c.h; path = "HYObject+HYCategoryTwo.h"; sourceTree = "<group>"; };
		5671C5EF1E5C0FDF0072262D /* HYObject+HYCategoryTwo.m */ = {isa = PBXFileReference; fileEncoding = 4; lastKnownFileType = sourcecode.c.objc; path = "HYObject+HYCategoryTwo.m"; sourceTree = "<group>"; };
		5671C5F41E5C10A10072262D /* HYObjectTwo.h */ = {isa = PBXFileReference; fileEncoding = 4; lastKnownFileType = sourcecode.c.h; path = HYObjectTwo.h; sourceTree = "<group>"; };
		5671C5F51E5C10A10072262D /* HYObjectTwo.m */ = {isa = PBXFileReference; fileEncoding = 4; lastKnownFileType = sourcecode.c.objc; path = HYObjectTwo.m; sourceTree = "<group>"; };
		5671C5F71E5C13B20072262D /* NSObject+HYCategoryTwo.h */ = {isa = PBXFileReference; fileEncoding = 4; lastKnownFileType = sourcecode.c.h; path = "NSObject+HYCategoryTwo.h"; sourceTree = "<group>"; };
		5671C5F81E5C13B20072262D /* NSObject+HYCategoryTwo.m */ = {isa = PBXFileReference; fileEncoding = 4; lastKnownFileType = sourcecode.c.objc; path = "NSObject+HYCategoryTwo.m"; sourceTree = "<group>"; };
		5671C5FA1E5C142C0072262D /* Person+HYCategoryTwo.h */ = {isa = PBXFileReference; fileEncoding = 4; lastKnownFileType = sourcecode.c.h; path = "Person+HYCategoryTwo.h"; sourceTree = "<group>"; };
		5671C5FB1E5C142C0072262D /* Person+HYCategoryTwo.m */ = {isa = PBXFileReference; fileEncoding = 4; lastKnownFileType = sourcecode.c.objc; path = "Person+HYCategoryTwo.m"; sourceTree = "<group>"; };
		5671C5FD1E5C14560072262D /* Father+HYCategoryTwo.h */ = {isa = PBXFileReference; fileEncoding = 4; lastKnownFileType = sourcecode.c.h; path = "Father+HYCategoryTwo.h"; sourceTree = "<group>"; };
		5671C5FE1E5C14560072262D /* Father+HYCategoryTwo.m */ = {isa = PBXFileReference; fileEncoding = 4; lastKnownFileType = sourcecode.c.objc; path = "Father+HYCategoryTwo.m"; sourceTree = "<group>"; };
		5671C6001E5C14850072262D /* HYObjectTwo+HYCategory.h */ = {isa = PBXFileReference; fileEncoding = 4; lastKnownFileType = sourcecode.c.h; path = "HYObjectTwo+HYCategory.h"; sourceTree = "<group>"; };
		5671C6011E5C14850072262D /* HYObjectTwo+HYCategory.m */ = {isa = PBXFileReference; fileEncoding = 4; lastKnownFileType = sourcecode.c.objc; path = "HYObjectTwo+HYCategory.m"; sourceTree = "<group>"; };
		5671C6031E5C149C0072262D /* HYObjectTwo+HYCategoryTwo.h */ = {isa = PBXFileReference; fileEncoding = 4; lastKnownFileType = sourcecode.c.h; path = "HYObjectTwo+HYCategoryTwo.h"; sourceTree = "<group>"; };
		5671C6041E5C149C0072262D /* HYObjectTwo+HYCategoryTwo.m */ = {isa = PBXFileReference; fileEncoding = 4; lastKnownFileType = sourcecode.c.objc; path = "HYObjectTwo+HYCategoryTwo.m"; sourceTree = "<group>"; };
		5671C6061E5C14C30072262D /* PersonTwo.h */ = {isa = PBXFileReference; fileEncoding = 4; lastKnownFileType = sourcecode.c.h; path = PersonTwo.h; sourceTree = "<group>"; };
		5671C6071E5C14C30072262D /* PersonTwo.m */ = {isa = PBXFileReference; fileEncoding = 4; lastKnownFileType = sourcecode.c.objc; path = PersonTwo.m; sourceTree = "<group>"; };
		5671C6091E5C14D10072262D /* FatherTwo.h */ = {isa = PBXFileReference; fileEncoding = 4; lastKnownFileType = sourcecode.c.h; path = FatherTwo.h; sourceTree = "<group>"; };
		5671C60A1E5C14D10072262D /* FatherTwo.m */ = {isa = PBXFileReference; fileEncoding = 4; lastKnownFileType = sourcecode.c.objc; path = FatherTwo.m; sourceTree = "<group>"; };
		5671C60C1E5C14F70072262D /* PersonTwo+HYCategory.h */ = {isa = PBXFileReference; fileEncoding = 4; lastKnownFileType = sourcecode.c.h; path = "PersonTwo+HYCategory.h"; sourceTree = "<group>"; };
		5671C60D1E5C14F70072262D /* PersonTwo+HYCategory.m */ = {isa = PBXFileReference; fileEncoding = 4; lastKnownFileType = sourcecode.c.objc; path = "PersonTwo+HYCategory.m"; sourceTree = "<group>"; };
		5671C60F1E5C15050072262D /* PersonTwo+HYCategoryTwo.h */ = {isa = PBXFileReference; fileEncoding = 4; lastKnownFileType = sourcecode.c.h; path = "PersonTwo+HYCategoryTwo.h"; sourceTree = "<group>"; };
		5671C6101E5C15050072262D /* PersonTwo+HYCategoryTwo.m */ = {isa = PBXFileReference; fileEncoding = 4; lastKnownFileType = sourcecode.c.objc; path = "PersonTwo+HYCategoryTwo.m"; sourceTree = "<group>"; };
		5671C6121E5C15230072262D /* FatherTwo+HYCategory.h */ = {isa = PBXFileReference; fileEncoding = 4; lastKnownFileType = sourcecode.c.h; path = "FatherTwo+HYCategory.h"; sourceTree = "<group>"; };
		5671C6131E5C15230072262D /* FatherTwo+HYCategory.m */ = {isa = PBXFileReference; fileEncoding = 4; lastKnownFileType = sourcecode.c.objc; path = "FatherTwo+HYCategory.m"; sourceTree = "<group>"; };
		5671C6151E5C152E0072262D /* FatherTwo+HYCategoryTwo.h */ = {isa = PBXFileReference; fileEncoding = 4; lastKnownFileType = sourcecode.c.h; path = "FatherTwo+HYCategoryTwo.h"; sourceTree = "<group>"; };
		5671C6161E5C152E0072262D /* FatherTwo+HYCategoryTwo.m */ = {isa = PBXFileReference; fileEncoding = 4; lastKnownFileType = sourcecode.c.objc; path = "FatherTwo+HYCategoryTwo.m"; sourceTree = "<group>"; };
		8EFC9DD21E57F1A90019544F /* RuntimeVC.app */ = {isa = PBXFileReference; explicitFileType = wrapper.application; includeInIndex = 0; path = RuntimeVC.app; sourceTree = BUILT_PRODUCTS_DIR; };
		8EFC9DD61E57F1A90019544F /* main.m */ = {isa = PBXFileReference; lastKnownFileType = sourcecode.c.objc; path = main.m; sourceTree = "<group>"; };
		8EFC9DD81E57F1A90019544F /* AppDelegate.h */ = {isa = PBXFileReference; lastKnownFileType = sourcecode.c.h; path = AppDelegate.h; sourceTree = "<group>"; };
		8EFC9DD91E57F1A90019544F /* AppDelegate.m */ = {isa = PBXFileReference; lastKnownFileType = sourcecode.c.objc; path = AppDelegate.m; sourceTree = "<group>"; };
		8EFC9DDB1E57F1A90019544F /* ViewController.h */ = {isa = PBXFileReference; lastKnownFileType = sourcecode.c.h; path = ViewController.h; sourceTree = "<group>"; };
		8EFC9DDC1E57F1A90019544F /* ViewController.m */ = {isa = PBXFileReference; lastKnownFileType = sourcecode.c.objc; path = ViewController.m; sourceTree = "<group>"; };
		8EFC9DDF1E57F1A90019544F /* Base */ = {isa = PBXFileReference; lastKnownFileType = file.storyboard; name = Base; path = Base.lproj/Main.storyboard; sourceTree = "<group>"; };
		8EFC9DE21E57F1A90019544F /* RuntimeVC.xcdatamodel */ = {isa = PBXFileReference; lastKnownFileType = wrapper.xcdatamodel; path = RuntimeVC.xcdatamodel; sourceTree = "<group>"; };
		8EFC9DE41E57F1A90019544F /* Assets.xcassets */ = {isa = PBXFileReference; lastKnownFileType = folder.assetcatalog; path = Assets.xcassets; sourceTree = "<group>"; };
		8EFC9DE71E57F1A90019544F /* Base */ = {isa = PBXFileReference; lastKnownFileType = file.storyboard; name = Base; path = Base.lproj/LaunchScreen.storyboard; sourceTree = "<group>"; };
		8EFC9DE91E57F1A90019544F /* Info.plist */ = {isa = PBXFileReference; lastKnownFileType = text.plist.xml; path = Info.plist; sourceTree = "<group>"; };
		8EFC9DEE1E57F1AA0019544F /* RuntimeVCTests.xctest */ = {isa = PBXFileReference; explicitFileType = wrapper.cfbundle; includeInIndex = 0; path = RuntimeVCTests.xctest; sourceTree = BUILT_PRODUCTS_DIR; };
		8EFC9DF21E57F1AA0019544F /* RuntimeVCTests.m */ = {isa = PBXFileReference; lastKnownFileType = sourcecode.c.objc; path = RuntimeVCTests.m; sourceTree = "<group>"; };
		8EFC9DF41E57F1AA0019544F /* Info.plist */ = {isa = PBXFileReference; lastKnownFileType = text.plist.xml; path = Info.plist; sourceTree = "<group>"; };
		8EFC9DF91E57F1AA0019544F /* RuntimeVCUITests.xctest */ = {isa = PBXFileReference; explicitFileType = wrapper.cfbundle; includeInIndex = 0; path = RuntimeVCUITests.xctest; sourceTree = BUILT_PRODUCTS_DIR; };
		8EFC9DFD1E57F1AA0019544F /* RuntimeVCUITests.m */ = {isa = PBXFileReference; lastKnownFileType = sourcecode.c.objc; path = RuntimeVCUITests.m; sourceTree = "<group>"; };
		8EFC9DFF1E57F1AA0019544F /* Info.plist */ = {isa = PBXFileReference; lastKnownFileType = text.plist.xml; path = Info.plist; sourceTree = "<group>"; };
		8EFC9E0C1E57F2530019544F /* Cat.h */ = {isa = PBXFileReference; fileEncoding = 4; lastKnownFileType = sourcecode.c.h; path = Cat.h; sourceTree = "<group>"; };
		8EFC9E0D1E57F2530019544F /* Cat.m */ = {isa = PBXFileReference; fileEncoding = 4; lastKnownFileType = sourcecode.c.objc; path = Cat.m; sourceTree = "<group>"; };
		8EFC9E0E1E57F2530019544F /* Father.h */ = {isa = PBXFileReference; fileEncoding = 4; lastKnownFileType = sourcecode.c.h; path = Father.h; sourceTree = "<group>"; };
		8EFC9E0F1E57F2530019544F /* Father.m */ = {isa = PBXFileReference; fileEncoding = 4; lastKnownFileType = sourcecode.c.objc; path = Father.m; sourceTree = "<group>"; };
		8EFC9E101E57F2530019544F /* FirstView.h */ = {isa = PBXFileReference; fileEncoding = 4; lastKnownFileType = sourcecode.c.h; path = FirstView.h; sourceTree = "<group>"; };
		8EFC9E111E57F2530019544F /* FirstView.m */ = {isa = PBXFileReference; fileEncoding = 4; lastKnownFileType = sourcecode.c.objc; path = FirstView.m; sourceTree = "<group>"; };
		8EFC9E121E57F2530019544F /* Person+HYCategory.h */ = {isa = PBXFileReference; fileEncoding = 4; lastKnownFileType = sourcecode.c.h; path = "Person+HYCategory.h"; sourceTree = "<group>"; };
		8EFC9E131E57F2530019544F /* Person+HYCategory.m */ = {isa = PBXFileReference; fileEncoding = 4; lastKnownFileType = sourcecode.c.objc; path = "Person+HYCategory.m"; sourceTree = "<group>"; };
		8EFC9E141E57F2530019544F /* Person.h */ = {isa = PBXFileReference; fileEncoding = 4; lastKnownFileType = sourcecode.c.h; path = Person.h; sourceTree = "<group>"; };
		8EFC9E151E57F2530019544F /* Person.m */ = {isa = PBXFileReference; fileEncoding = 4; lastKnownFileType = sourcecode.c.objc; path = Person.m; sourceTree = "<group>"; };
		8EFC9E161E57F2530019544F /* RuntimeVC.h */ = {isa = PBXFileReference; fileEncoding = 4; lastKnownFileType = sourcecode.c.h; path = RuntimeVC.h; sourceTree = "<group>"; };
		8EFC9E171E57F2530019544F /* RuntimeVC.m */ = {isa = PBXFileReference; fileEncoding = 4; lastKnownFileType = sourcecode.c.objc; path = RuntimeVC.m; sourceTree = "<group>"; };
		8EFC9E181E57F2530019544F /* SecondView.h */ = {isa = PBXFileReference; fileEncoding = 4; lastKnownFileType = sourcecode.c.h; path = SecondView.h; sourceTree = "<group>"; };
		8EFC9E191E57F2530019544F /* SecondView.m */ = {isa = PBXFileReference; fileEncoding = 4; lastKnownFileType = sourcecode.c.objc; path = SecondView.m; sourceTree = "<group>"; };
		8EFC9E1A1E57F2530019544F /* Son.h */ = {isa = PBXFileReference; fileEncoding = 4; lastKnownFileType = sourcecode.c.h; path = Son.h; sourceTree = "<group>"; };
		8EFC9E1B1E57F2530019544F /* Son.m */ = {isa = PBXFileReference; fileEncoding = 4; lastKnownFileType = sourcecode.c.objc; path = Son.m; sourceTree = "<group>"; };
		8EFC9E1C1E57F2530019544F /* ThirdView.h */ = {isa = PBXFileReference; fileEncoding = 4; lastKnownFileType = sourcecode.c.h; path = ThirdView.h; sourceTree = "<group>"; };
		8EFC9E1D1E57F2530019544F /* ThirdView.m */ = {isa = PBXFileReference; fileEncoding = 4; lastKnownFileType = sourcecode.c.objc; path = ThirdView.m; sourceTree = "<group>"; };
		8EFC9E3A1E57F2D80019544F /* HYObject.h */ = {isa = PBXFileReference; fileEncoding = 4; lastKnownFileType = sourcecode.c.h; path = HYObject.h; sourceTree = "<group>"; };
		8EFC9E3B1E57F2D80019544F /* HYObject.m */ = {isa = PBXFileReference; fileEncoding = 4; lastKnownFileType = sourcecode.c.objc; path = HYObject.m; sourceTree = "<group>"; };
		8EFC9E3F1E57F2F00019544F /* NSObject+HYCategory.h */ = {isa = PBXFileReference; fileEncoding = 4; lastKnownFileType = sourcecode.c.h; path = "NSObject+HYCategory.h"; sourceTree = "<group>"; };
		8EFC9E401E57F2F00019544F /* NSObject+HYCategory.m */ = {isa = PBXFileReference; fileEncoding = 4; lastKnownFileType = sourcecode.c.objc; path = "NSObject+HYCategory.m"; sourceTree = "<group>"; };
/* End PBXFileReference section */

/* Begin PBXFrameworksBuildPhase section */
		8EFC9DCF1E57F1A90019544F /* Frameworks */ = {
			isa = PBXFrameworksBuildPhase;
			buildActionMask = 2147483647;
			files = (
			);
			runOnlyForDeploymentPostprocessing = 0;
		};
		8EFC9DEB1E57F1AA0019544F /* Frameworks */ = {
			isa = PBXFrameworksBuildPhase;
			buildActionMask = 2147483647;
			files = (
			);
			runOnlyForDeploymentPostprocessing = 0;
		};
		8EFC9DF61E57F1AA0019544F /* Frameworks */ = {
			isa = PBXFrameworksBuildPhase;
			buildActionMask = 2147483647;
			files = (
			);
			runOnlyForDeploymentPostprocessing = 0;
		};
/* End PBXFrameworksBuildPhase section */

/* Begin PBXGroup section */
		8EFC9DC91E57F1A90019544F = {
			isa = PBXGroup;
			children = (
				8EFC9DD41E57F1A90019544F /* RuntimeVC */,
				8EFC9DF11E57F1AA0019544F /* RuntimeVCTests */,
				8EFC9DFC1E57F1AA0019544F /* RuntimeVCUITests */,
				8EFC9DD31E57F1A90019544F /* Products */,
			);
			sourceTree = "<group>";
		};
		8EFC9DD31E57F1A90019544F /* Products */ = {
			isa = PBXGroup;
			children = (
				8EFC9DD21E57F1A90019544F /* RuntimeVC.app */,
				8EFC9DEE1E57F1AA0019544F /* RuntimeVCTests.xctest */,
				8EFC9DF91E57F1AA0019544F /* RuntimeVCUITests.xctest */,
			);
			name = Products;
			sourceTree = "<group>";
		};
		8EFC9DD41E57F1A90019544F /* RuntimeVC */ = {
			isa = PBXGroup;
			children = (
				8EFC9E391E57F2D80019544F /* Model */,
				8EFC9E0B1E57F2530019544F /* Runtime */,
				8EFC9DD81E57F1A90019544F /* AppDelegate.h */,
				8EFC9DD91E57F1A90019544F /* AppDelegate.m */,
				8EFC9DDB1E57F1A90019544F /* ViewController.h */,
				8EFC9DDC1E57F1A90019544F /* ViewController.m */,
				8EFC9DDE1E57F1A90019544F /* Main.storyboard */,
				8EFC9DE41E57F1A90019544F /* Assets.xcassets */,
				8EFC9DE61E57F1A90019544F /* LaunchScreen.storyboard */,
				8EFC9DE91E57F1A90019544F /* Info.plist */,
				8EFC9DE11E57F1A90019544F /* RuntimeVC.xcdatamodeld */,
				8EFC9DD51E57F1A90019544F /* Supporting Files */,
			);
			path = RuntimeVC;
			sourceTree = "<group>";
		};
		8EFC9DD51E57F1A90019544F /* Supporting Files */ = {
			isa = PBXGroup;
			children = (
				8EFC9DD61E57F1A90019544F /* main.m */,
			);
			name = "Supporting Files";
			sourceTree = "<group>";
		};
		8EFC9DF11E57F1AA0019544F /* RuntimeVCTests */ = {
			isa = PBXGroup;
			children = (
				8EFC9DF21E57F1AA0019544F /* RuntimeVCTests.m */,
				8EFC9DF41E57F1AA0019544F /* Info.plist */,
			);
			path = RuntimeVCTests;
			sourceTree = "<group>";
		};
		8EFC9DFC1E57F1AA0019544F /* RuntimeVCUITests */ = {
			isa = PBXGroup;
			children = (
				8EFC9DFD1E57F1AA0019544F /* RuntimeVCUITests.m */,
				8EFC9DFF1E57F1AA0019544F /* Info.plist */,
			);
			path = RuntimeVCUITests;
			sourceTree = "<group>";
		};
		8EFC9E0B1E57F2530019544F /* Runtime */ = {
			isa = PBXGroup;
			children = (
				8EFC9E161E57F2530019544F /* RuntimeVC.h */,
				8EFC9E171E57F2530019544F /* RuntimeVC.m */,
				8EFC9E141E57F2530019544F /* Person.h */,
				8EFC9E151E57F2530019544F /* Person.m */,
				8EFC9E121E57F2530019544F /* Person+HYCategory.h */,
				8EFC9E131E57F2530019544F /* Person+HYCategory.m */,
				5671C5FA1E5C142C0072262D /* Person+HYCategoryTwo.h */,
				5671C5FB1E5C142C0072262D /* Person+HYCategoryTwo.m */,
				8EFC9E0E1E57F2530019544F /* Father.h */,
				8EFC9E0F1E57F2530019544F /* Father.m */,
				5671C5EB1E5C0D2D0072262D /* Father+HYCategory.h */,
				5671C5EC1E5C0D2D0072262D /* Father+HYCategory.m */,
				5671C5FD1E5C14560072262D /* Father+HYCategoryTwo.h */,
				5671C5FE1E5C14560072262D /* Father+HYCategoryTwo.m */,
				8EFC9E1A1E57F2530019544F /* Son.h */,
				8EFC9E1B1E57F2530019544F /* Son.m */,
				5671C6061E5C14C30072262D /* PersonTwo.h */,
				5671C6071E5C14C30072262D /* PersonTwo.m */,
				5671C60C1E5C14F70072262D /* PersonTwo+HYCategory.h */,
				5671C60D1E5C14F70072262D /* PersonTwo+HYCategory.m */,
				5671C60F1E5C15050072262D /* PersonTwo+HYCategoryTwo.h */,
				5671C6101E5C15050072262D /* PersonTwo+HYCategoryTwo.m */,
				5671C6091E5C14D10072262D /* FatherTwo.h */,
				5671C60A1E5C14D10072262D /* FatherTwo.m */,
				5671C6121E5C15230072262D /* FatherTwo+HYCategory.h */,
				5671C6131E5C15230072262D /* FatherTwo+HYCategory.m */,
				5671C6151E5C152E0072262D /* FatherTwo+HYCategoryTwo.h */,
				5671C6161E5C152E0072262D /* FatherTwo+HYCategoryTwo.m */,
				8EFC9E0C1E57F2530019544F /* Cat.h */,
				8EFC9E0D1E57F2530019544F /* Cat.m */,
				8EFC9E101E57F2530019544F /* FirstView.h */,
				8EFC9E111E57F2530019544F /* FirstView.m */,
				8EFC9E181E57F2530019544F /* SecondView.h */,
				8EFC9E191E57F2530019544F /* SecondView.m */,
				8EFC9E1C1E57F2530019544F /* ThirdView.h */,
				8EFC9E1D1E57F2530019544F /* ThirdView.m */,
			);
			path = Runtime;
			sourceTree = "<group>";
		};
		8EFC9E391E57F2D80019544F /* Model */ = {
			isa = PBXGroup;
			children = (
				8EFC9E3F1E57F2F00019544F /* NSObject+HYCategory.h */,
				8EFC9E401E57F2F00019544F /* NSObject+HYCategory.m */,
				5671C5F71E5C13B20072262D /* NSObject+HYCategoryTwo.h */,
				5671C5F81E5C13B20072262D /* NSObject+HYCategoryTwo.m */,
				8EFC9E3A1E57F2D80019544F /* HYObject.h */,
				8EFC9E3B1E57F2D80019544F /* HYObject.m */,
				5671C5E51E5C02FE0072262D /* HYObject+HYCategory.h */,
				5671C5E61E5C02FE0072262D /* HYObject+HYCategory.m */,
				5671C5EE1E5C0FDF0072262D /* HYObject+HYCategoryTwo.h */,
				5671C5EF1E5C0FDF0072262D /* HYObject+HYCategoryTwo.m */,
				5671C5F41E5C10A10072262D /* HYObjectTwo.h */,
				5671C5F51E5C10A10072262D /* HYObjectTwo.m */,
				5671C6001E5C14850072262D /* HYObjectTwo+HYCategory.h */,
				5671C6011E5C14850072262D /* HYObjectTwo+HYCategory.m */,
				5671C6031E5C149C0072262D /* HYObjectTwo+HYCategoryTwo.h */,
				5671C6041E5C149C0072262D /* HYObjectTwo+HYCategoryTwo.m */,
			);
			path = Model;
			sourceTree = "<group>";
		};
/* End PBXGroup section */

/* Begin PBXNativeTarget section */
		8EFC9DD11E57F1A90019544F /* RuntimeVC */ = {
			isa = PBXNativeTarget;
			buildConfigurationList = 8EFC9E021E57F1AA0019544F /* Build configuration list for PBXNativeTarget "RuntimeVC" */;
			buildPhases = (
				8EFC9DCE1E57F1A90019544F /* Sources */,
				8EFC9DCF1E57F1A90019544F /* Frameworks */,
				8EFC9DD01E57F1A90019544F /* Resources */,
			);
			buildRules = (
			);
			dependencies = (
			);
			name = RuntimeVC;
			productName = RuntimeVC;
			productReference = 8EFC9DD21E57F1A90019544F /* RuntimeVC.app */;
			productType = "com.apple.product-type.application";
		};
		8EFC9DED1E57F1AA0019544F /* RuntimeVCTests */ = {
			isa = PBXNativeTarget;
			buildConfigurationList = 8EFC9E051E57F1AA0019544F /* Build configuration list for PBXNativeTarget "RuntimeVCTests" */;
			buildPhases = (
				8EFC9DEA1E57F1AA0019544F /* Sources */,
				8EFC9DEB1E57F1AA0019544F /* Frameworks */,
				8EFC9DEC1E57F1AA0019544F /* Resources */,
			);
			buildRules = (
			);
			dependencies = (
				8EFC9DF01E57F1AA0019544F /* PBXTargetDependency */,
			);
			name = RuntimeVCTests;
			productName = RuntimeVCTests;
			productReference = 8EFC9DEE1E57F1AA0019544F /* RuntimeVCTests.xctest */;
			productType = "com.apple.product-type.bundle.unit-test";
		};
		8EFC9DF81E57F1AA0019544F /* RuntimeVCUITests */ = {
			isa = PBXNativeTarget;
			buildConfigurationList = 8EFC9E081E57F1AA0019544F /* Build configuration list for PBXNativeTarget "RuntimeVCUITests" */;
			buildPhases = (
				8EFC9DF51E57F1AA0019544F /* Sources */,
				8EFC9DF61E57F1AA0019544F /* Frameworks */,
				8EFC9DF71E57F1AA0019544F /* Resources */,
			);
			buildRules = (
			);
			dependencies = (
				8EFC9DFB1E57F1AA0019544F /* PBXTargetDependency */,
			);
			name = RuntimeVCUITests;
			productName = RuntimeVCUITests;
			productReference = 8EFC9DF91E57F1AA0019544F /* RuntimeVCUITests.xctest */;
			productType = "com.apple.product-type.bundle.ui-testing";
		};
/* End PBXNativeTarget section */

/* Begin PBXProject section */
		8EFC9DCA1E57F1A90019544F /* Project object */ = {
			isa = PBXProject;
			attributes = {
				LastUpgradeCheck = 0720;
				ORGANIZATIONNAME = ocean;
				TargetAttributes = {
					8EFC9DD11E57F1A90019544F = {
						CreatedOnToolsVersion = 7.2;
					};
					8EFC9DED1E57F1AA0019544F = {
						CreatedOnToolsVersion = 7.2;
						TestTargetID = 8EFC9DD11E57F1A90019544F;
					};
					8EFC9DF81E57F1AA0019544F = {
						CreatedOnToolsVersion = 7.2;
						TestTargetID = 8EFC9DD11E57F1A90019544F;
					};
				};
			};
			buildConfigurationList = 8EFC9DCD1E57F1A90019544F /* Build configuration list for PBXProject "RuntimeVC" */;
			compatibilityVersion = "Xcode 3.2";
			developmentRegion = English;
			hasScannedForEncodings = 0;
			knownRegions = (
				en,
				Base,
			);
			mainGroup = 8EFC9DC91E57F1A90019544F;
			productRefGroup = 8EFC9DD31E57F1A90019544F /* Products */;
			projectDirPath = "";
			projectRoot = "";
			targets = (
				8EFC9DD11E57F1A90019544F /* RuntimeVC */,
				8EFC9DED1E57F1AA0019544F /* RuntimeVCTests */,
				8EFC9DF81E57F1AA0019544F /* RuntimeVCUITests */,
			);
		};
/* End PBXProject section */

/* Begin PBXResourcesBuildPhase section */
		8EFC9DD01E57F1A90019544F /* Resources */ = {
			isa = PBXResourcesBuildPhase;
			buildActionMask = 2147483647;
			files = (
				8EFC9DE81E57F1A90019544F /* LaunchScreen.storyboard in Resources */,
				8EFC9DE51E57F1A90019544F /* Assets.xcassets in Resources */,
				8EFC9DE01E57F1A90019544F /* Main.storyboard in Resources */,
			);
			runOnlyForDeploymentPostprocessing = 0;
		};
		8EFC9DEC1E57F1AA0019544F /* Resources */ = {
			isa = PBXResourcesBuildPhase;
			buildActionMask = 2147483647;
			files = (
			);
			runOnlyForDeploymentPostprocessing = 0;
		};
		8EFC9DF71E57F1AA0019544F /* Resources */ = {
			isa = PBXResourcesBuildPhase;
			buildActionMask = 2147483647;
			files = (
			);
			runOnlyForDeploymentPostprocessing = 0;
		};
/* End PBXResourcesBuildPhase section */

/* Begin PBXSourcesBuildPhase section */
		8EFC9DCE1E57F1A90019544F /* Sources */ = {
			isa = PBXSourcesBuildPhase;
			buildActionMask = 2147483647;
			files = (
				8EFC9E331E57F2530019544F /* Son.m in Sources */,
				5671C60E1E5C14F70072262D /* PersonTwo+HYCategory.m in Sources */,
				8EFC9E3C1E57F2D80019544F /* HYObject.m in Sources */,
				5671C5E71E5C02FE0072262D /* HYObject+HYCategory.m in Sources */,
				5671C5F91E5C13B20072262D /* NSObject+HYCategoryTwo.m in Sources */,
				5671C6051E5C149C0072262D /* HYObjectTwo+HYCategoryTwo.m in Sources */,
				8EFC9E301E57F2530019544F /* SecondView.m in Sources */,
				5671C60B1E5C14D10072262D /* FatherTwo.m in Sources */,
				8EFC9DDD1E57F1A90019544F /* ViewController.m in Sources */,
				8EFC9E211E57F2530019544F /* Father.m in Sources */,
				8EFC9E411E57F2F00019544F /* NSObject+HYCategory.m in Sources */,
				8EFC9E361E57F2530019544F /* ThirdView.m in Sources */,
				5671C5F61E5C10A10072262D /* HYObjectTwo.m in Sources */,
				5671C6111E5C15050072262D /* PersonTwo+HYCategoryTwo.m in Sources */,
				5671C5FC1E5C142C0072262D /* Person+HYCategoryTwo.m in Sources */,
				8EFC9DDA1E57F1A90019544F /* AppDelegate.m in Sources */,
				5671C6081E5C14C30072262D /* PersonTwo.m in Sources */,
				8EFC9DD71E57F1A90019544F /* main.m in Sources */,
				5671C5FF1E5C14560072262D /* Father+HYCategoryTwo.m in Sources */,
				8EFC9E241E57F2530019544F /* FirstView.m in Sources */,
				5671C6171E5C152E0072262D /* FatherTwo+HYCategoryTwo.m in Sources */,
				8EFC9E2D1E57F2530019544F /* RuntimeVC.m in Sources */,
				8EFC9DE31E57F1A90019544F /* RuntimeVC.xcdatamodeld in Sources */,
				5671C6141E5C15230072262D /* FatherTwo+HYCategory.m in Sources */,
				5671C5F01E5C0FDF0072262D /* HYObject+HYCategoryTwo.m in Sources */,
				8EFC9E2A1E57F2530019544F /* Person.m in Sources */,
				8EFC9E1E1E57F2530019544F /* Cat.m in Sources */,
				8EFC9E271E57F2530019544F /* Person+HYCategory.m in Sources */,
				5671C5ED1E5C0D2D0072262D /* Father+HYCategory.m in Sources */,
				5671C6021E5C14850072262D /* HYObjectTwo+HYCategory.m in Sources */,
			);
			runOnlyForDeploymentPostprocessing = 0;
		};
		8EFC9DEA1E57F1AA0019544F /* Sources */ = {
			isa = PBXSourcesBuildPhase;
			buildActionMask = 2147483647;
			files = (
				8EFC9E2B1E57F2530019544F /* Person.m in Sources */,
				8EFC9E2E1E57F2530019544F /* RuntimeVC.m in Sources */,
				8EFC9E421E57F2F00019544F /* NSObject+HYCategory.m in Sources */,
				8EFC9E3D1E57F2D80019544F /* HYObject.m in Sources */,
				8EFC9E371E57F2530019544F /* ThirdView.m in Sources */,
				8EFC9E1F1E57F2530019544F /* Cat.m in Sources */,
				8EFC9E281E57F2530019544F /* Person+HYCategory.m in Sources */,
				8EFC9E251E57F2530019544F /* FirstView.m in Sources */,
				8EFC9E221E57F2530019544F /* Father.m in Sources */,
				8EFC9E341E57F2530019544F /* Son.m in Sources */,
				8EFC9E311E57F2530019544F /* SecondView.m in Sources */,
				8EFC9DF31E57F1AA0019544F /* RuntimeVCTests.m in Sources */,
			);
			runOnlyForDeploymentPostprocessing = 0;
		};
		8EFC9DF51E57F1AA0019544F /* Sources */ = {
			isa = PBXSourcesBuildPhase;
			buildActionMask = 2147483647;
			files = (
				8EFC9E2C1E57F2530019544F /* Person.m in Sources */,
				8EFC9E2F1E57F2530019544F /* RuntimeVC.m in Sources */,
				8EFC9E431E57F2F00019544F /* NSObject+HYCategory.m in Sources */,
				8EFC9E3E1E57F2D80019544F /* HYObject.m in Sources */,
				8EFC9E381E57F2530019544F /* ThirdView.m in Sources */,
				8EFC9E201E57F2530019544F /* Cat.m in Sources */,
				8EFC9E291E57F2530019544F /* Person+HYCategory.m in Sources */,
				8EFC9E261E57F2530019544F /* FirstView.m in Sources */,
				8EFC9E231E57F2530019544F /* Father.m in Sources */,
				8EFC9E351E57F2530019544F /* Son.m in Sources */,
				8EFC9E321E57F2530019544F /* SecondView.m in Sources */,
				8EFC9DFE1E57F1AA0019544F /* RuntimeVCUITests.m in Sources */,
			);
			runOnlyForDeploymentPostprocessing = 0;
		};
/* End PBXSourcesBuildPhase section */

/* Begin PBXTargetDependency section */
		8EFC9DF01E57F1AA0019544F /* PBXTargetDependency */ = {
			isa = PBXTargetDependency;
			target = 8EFC9DD11E57F1A90019544F /* RuntimeVC */;
			targetProxy = 8EFC9DEF1E57F1AA0019544F /* PBXContainerItemProxy */;
		};
		8EFC9DFB1E57F1AA0019544F /* PBXTargetDependency */ = {
			isa = PBXTargetDependency;
			target = 8EFC9DD11E57F1A90019544F /* RuntimeVC */;
			targetProxy = 8EFC9DFA1E57F1AA0019544F /* PBXContainerItemProxy */;
		};
/* End PBXTargetDependency section */

/* Begin PBXVariantGroup section */
		8EFC9DDE1E57F1A90019544F /* Main.storyboard */ = {
			isa = PBXVariantGroup;
			children = (
				8EFC9DDF1E57F1A90019544F /* Base */,
			);
			name = Main.storyboard;
			sourceTree = "<group>";
		};
		8EFC9DE61E57F1A90019544F /* LaunchScreen.storyboard */ = {
			isa = PBXVariantGroup;
			children = (
				8EFC9DE71E57F1A90019544F /* Base */,
			);
			name = LaunchScreen.storyboard;
			sourceTree = "<group>";
		};
/* End PBXVariantGroup section */

/* Begin XCBuildConfiguration section */
		8EFC9E001E57F1AA0019544F /* Debug */ = {
			isa = XCBuildConfiguration;
			buildSettings = {
				ALWAYS_SEARCH_USER_PATHS = NO;
				CLANG_CXX_LANGUAGE_STANDARD = "gnu++0x";
				CLANG_CXX_LIBRARY = "libc++";
				CLANG_ENABLE_MODULES = YES;
				CLANG_ENABLE_OBJC_ARC = YES;
				CLANG_WARN_BOOL_CONVERSION = YES;
				CLANG_WARN_CONSTANT_CONVERSION = YES;
				CLANG_WARN_DIRECT_OBJC_ISA_USAGE = YES_ERROR;
				CLANG_WARN_EMPTY_BODY = YES;
				CLANG_WARN_ENUM_CONVERSION = YES;
				CLANG_WARN_INT_CONVERSION = YES;
				CLANG_WARN_OBJC_ROOT_CLASS = YES_ERROR;
				CLANG_WARN_UNREACHABLE_CODE = YES;
				CLANG_WARN__DUPLICATE_METHOD_MATCH = YES;
				"CODE_SIGN_IDENTITY[sdk=iphoneos*]" = "iPhone Developer";
				COPY_PHASE_STRIP = NO;
				DEBUG_INFORMATION_FORMAT = dwarf;
				ENABLE_STRICT_OBJC_MSGSEND = YES;
				ENABLE_TESTABILITY = YES;
				GCC_C_LANGUAGE_STANDARD = gnu99;
				GCC_DYNAMIC_NO_PIC = NO;
				GCC_NO_COMMON_BLOCKS = YES;
				GCC_OPTIMIZATION_LEVEL = 0;
				GCC_PREPROCESSOR_DEFINITIONS = (
					"DEBUG=1",
					"$(inherited)",
				);
				GCC_WARN_64_TO_32_BIT_CONVERSION = YES;
				GCC_WARN_ABOUT_RETURN_TYPE = YES_ERROR;
				GCC_WARN_UNDECLARED_SELECTOR = YES;
				GCC_WARN_UNINITIALIZED_AUTOS = YES_AGGRESSIVE;
				GCC_WARN_UNUSED_FUNCTION = YES;
				GCC_WARN_UNUSED_VARIABLE = YES;
				IPHONEOS_DEPLOYMENT_TARGET = 9.2;
				MTL_ENABLE_DEBUG_INFO = YES;
				ONLY_ACTIVE_ARCH = YES;
				SDKROOT = iphoneos;
			};
			name = Debug;
		};
		8EFC9E011E57F1AA0019544F /* Release */ = {
			isa = XCBuildConfiguration;
			buildSettings = {
				ALWAYS_SEARCH_USER_PATHS = NO;
				CLANG_CXX_LANGUAGE_STANDARD = "gnu++0x";
				CLANG_CXX_LIBRARY = "libc++";
				CLANG_ENABLE_MODULES = YES;
				CLANG_ENABLE_OBJC_ARC = YES;
				CLANG_WARN_BOOL_CONVERSION = YES;
				CLANG_WARN_CONSTANT_CONVERSION = YES;
				CLANG_WARN_DIRECT_OBJC_ISA_USAGE = YES_ERROR;
				CLANG_WARN_EMPTY_BODY = YES;
				CLANG_WARN_ENUM_CONVERSION = YES;
				CLANG_WARN_INT_CONVERSION = YES;
				CLANG_WARN_OBJC_ROOT_CLASS = YES_ERROR;
				CLANG_WARN_UNREACHABLE_CODE = YES;
				CLANG_WARN__DUPLICATE_METHOD_MATCH = YES;
				"CODE_SIGN_IDENTITY[sdk=iphoneos*]" = "iPhone Developer";
				COPY_PHASE_STRIP = NO;
				DEBUG_INFORMATION_FORMAT = "dwarf-with-dsym";
				ENABLE_NS_ASSERTIONS = NO;
				ENABLE_STRICT_OBJC_MSGSEND = YES;
				GCC_C_LANGUAGE_STANDARD = gnu99;
				GCC_NO_COMMON_BLOCKS = YES;
				GCC_WARN_64_TO_32_BIT_CONVERSION = YES;
				GCC_WARN_ABOUT_RETURN_TYPE = YES_ERROR;
				GCC_WARN_UNDECLARED_SELECTOR = YES;
				GCC_WARN_UNINITIALIZED_AUTOS = YES_AGGRESSIVE;
				GCC_WARN_UNUSED_FUNCTION = YES;
				GCC_WARN_UNUSED_VARIABLE = YES;
				IPHONEOS_DEPLOYMENT_TARGET = 9.2;
				MTL_ENABLE_DEBUG_INFO = NO;
				SDKROOT = iphoneos;
				VALIDATE_PRODUCT = YES;
			};
			name = Release;
		};
		8EFC9E031E57F1AA0019544F /* Debug */ = {
			isa = XCBuildConfiguration;
			buildSettings = {
				ASSETCATALOG_COMPILER_APPICON_NAME = AppIcon;
				INFOPLIST_FILE = RuntimeVC/Info.plist;
				LD_RUNPATH_SEARCH_PATHS = "$(inherited) @executable_path/Frameworks";
				PRODUCT_BUNDLE_IDENTIFIER = ocean.RuntimeVC;
				PRODUCT_NAME = "$(TARGET_NAME)";
			};
			name = Debug;
		};
		8EFC9E041E57F1AA0019544F /* Release */ = {
			isa = XCBuildConfiguration;
			buildSettings = {
				ASSETCATALOG_COMPILER_APPICON_NAME = AppIcon;
				INFOPLIST_FILE = RuntimeVC/Info.plist;
				LD_RUNPATH_SEARCH_PATHS = "$(inherited) @executable_path/Frameworks";
				PRODUCT_BUNDLE_IDENTIFIER = ocean.RuntimeVC;
				PRODUCT_NAME = "$(TARGET_NAME)";
			};
			name = Release;
		};
		8EFC9E061E57F1AA0019544F /* Debug */ = {
			isa = XCBuildConfiguration;
			buildSettings = {
				BUNDLE_LOADER = "$(TEST_HOST)";
				INFOPLIST_FILE = RuntimeVCTests/Info.plist;
				LD_RUNPATH_SEARCH_PATHS = "$(inherited) @executable_path/Frameworks @loader_path/Frameworks";
				PRODUCT_BUNDLE_IDENTIFIER = ocean.RuntimeVCTests;
				PRODUCT_NAME = "$(TARGET_NAME)";
				TEST_HOST = "$(BUILT_PRODUCTS_DIR)/RuntimeVC.app/RuntimeVC";
			};
			name = Debug;
		};
		8EFC9E071E57F1AA0019544F /* Release */ = {
			isa = XCBuildConfiguration;
			buildSettings = {
				BUNDLE_LOADER = "$(TEST_HOST)";
				INFOPLIST_FILE = RuntimeVCTests/Info.plist;
				LD_RUNPATH_SEARCH_PATHS = "$(inherited) @executable_path/Frameworks @loader_path/Frameworks";
				PRODUCT_BUNDLE_IDENTIFIER = ocean.RuntimeVCTests;
				PRODUCT_NAME = "$(TARGET_NAME)";
				TEST_HOST = "$(BUILT_PRODUCTS_DIR)/RuntimeVC.app/RuntimeVC";
			};
			name = Release;
		};
		8EFC9E091E57F1AA0019544F /* Debug */ = {
			isa = XCBuildConfiguration;
			buildSettings = {
				INFOPLIST_FILE = RuntimeVCUITests/Info.plist;
				LD_RUNPATH_SEARCH_PATHS = "$(inherited) @executable_path/Frameworks @loader_path/Frameworks";
				PRODUCT_BUNDLE_IDENTIFIER = ocean.RuntimeVCUITests;
				PRODUCT_NAME = "$(TARGET_NAME)";
				TEST_TARGET_NAME = RuntimeVC;
				USES_XCTRUNNER = YES;
			};
			name = Debug;
		};
		8EFC9E0A1E57F1AA0019544F /* Release */ = {
			isa = XCBuildConfiguration;
			buildSettings = {
				INFOPLIST_FILE = RuntimeVCUITests/Info.plist;
				LD_RUNPATH_SEARCH_PATHS = "$(inherited) @executable_path/Frameworks @loader_path/Frameworks";
				PRODUCT_BUNDLE_IDENTIFIER = ocean.RuntimeVCUITests;
				PRODUCT_NAME = "$(TARGET_NAME)";
				TEST_TARGET_NAME = RuntimeVC;
				USES_XCTRUNNER = YES;
			};
			name = Release;
		};
/* End XCBuildConfiguration section */

/* Begin XCConfigurationList section */
		8EFC9DCD1E57F1A90019544F /* Build configuration list for PBXProject "RuntimeVC" */ = {
			isa = XCConfigurationList;
			buildConfigurations = (
				8EFC9E001E57F1AA0019544F /* Debug */,
				8EFC9E011E57F1AA0019544F /* Release */,
			);
			defaultConfigurationIsVisible = 0;
			defaultConfigurationName = Release;
		};
		8EFC9E021E57F1AA0019544F /* Build configuration list for PBXNativeTarget "RuntimeVC" */ = {
			isa = XCConfigurationList;
			buildConfigurations = (
				8EFC9E031E57F1AA0019544F /* Debug */,
				8EFC9E041E57F1AA0019544F /* Release */,
			);
			defaultConfigurationIsVisible = 0;
			defaultConfigurationName = Release;
		};
		8EFC9E051E57F1AA0019544F /* Build configuration list for PBXNativeTarget "RuntimeVCTests" */ = {
			isa = XCConfigurationList;
			buildConfigurations = (
				8EFC9E061E57F1AA0019544F /* Debug */,
				8EFC9E071E57F1AA0019544F /* Release */,
			);
			defaultConfigurationIsVisible = 0;
			defaultConfigurationName = Release;
		};
		8EFC9E081E57F1AA0019544F /* Build configuration list for PBXNativeTarget "RuntimeVCUITests" */ = {
			isa = XCConfigurationList;
			buildConfigurations = (
				8EFC9E091E57F1AA0019544F /* Debug */,
				8EFC9E0A1E57F1AA0019544F /* Release */,
			);
			defaultConfigurationIsVisible = 0;
			defaultConfigurationName = Release;
		};
/* End XCConfigurationList section */

/* Begin XCVersionGroup section */
		8EFC9DE11E57F1A90019544F /* RuntimeVC.xcdatamodeld */ = {
			isa = XCVersionGroup;
			children = (
				8EFC9DE21E57F1A90019544F /* RuntimeVC.xcdatamodel */,
			);
			currentVersion = 8EFC9DE21E57F1A90019544F /* RuntimeVC.xcdatamodel */;
			path = RuntimeVC.xcdatamodeld;
			sourceTree = "<group>";
			versionGroupType = wrapper.xcdatamodel;
		};
/* End XCVersionGroup section */
	};
	rootObject = 8EFC9DCA1E57F1A90019544F /* Project object */;
}
